Microsoft Visual Studio Solution File, Format Version 12.00
# Visual Studio Version 17
VisualStudioVersion = 17.5.2.0
MinimumVisualStudioVersion = 10.0.40219.1

# Source Projects
Project("{FAE04EC0-301F-11D3-BF4B-00C04F79EFBC}") = "Vibe.UI", "src\Vibe.UI\Vibe.UI.csproj", "{8DD69C43-9AB7-11F2-B889-54C875BF97C2}"
EndProject
Project("{FAE04EC0-301F-11D3-BF4B-00C04F79EFBC}") = "Vibe.UI.CLI", "src\Vibe.UI.CLI\Vibe.UI.CLI.csproj", "{A1B2C3D4-E5F6-7890-ABCD-EF1234567890}"
EndProject

# Test Projects
Project("{FAE04EC0-301F-11D3-BF4B-00C04F79EFBC}") = "Vibe.UI.Tests", "tests\Vibe.UI.Tests\Vibe.UI.Tests.csproj", "{B2C3D4E5-F6A7-8901-BCDE-F12345678901}"
EndProject

# Sample Projects
Project("{FAE04EC0-301F-11D3-BF4B-00C04F79EFBC}") = "Vibe.UI.Demo", "samples\Vibe.UI.Demo\Vibe.UI.Demo.csproj", "{C3D4E5F6-A7B8-9012-CDEF-123456789012}"
EndProject

# Extension Projects
Project("{FAE04EC0-301F-11D3-BF4B-00C04F79EFBC}") = "Vibe.UI.VS2022", "extensions\vs2022\Vibe.UI.VS2022.csproj", "{D4E5F6A7-B8C9-0123-DEF1-234567890123}"
EndProject

# Solution Folders
Project("{2150E333-8FDC-42A3-9474-1A3956D46DE8}") = "_Solution Items", "_Solution Items", "{02EA681E-C7D8-13C7-8484-4AC65E1B71E8}"
	ProjectSection(SolutionItems) = preProject
		.gitignore = .gitignore
		CODE_OF_CONDUCT.md = CODE_OF_CONDUCT.md
		LICENSE.txt = LICENSE.txt
		README.md = README.md
	EndProjectSection
EndProject

Project("{2150E333-8FDC-42A3-9474-1A3956D46DE8}") = "src", "src", "{E5F6A7B8-C9D0-1234-EF12-345678901234}"
EndProject

Project("{2150E333-8FDC-42A3-9474-1A3956D46DE8}") = "tests", "tests", "{F6A7B8C9-D0E1-2345-F123-456789012345}"
EndProject

Project("{2150E333-8FDC-42A3-9474-1A3956D46DE8}") = "samples", "samples", "{A7B8C9D0-E1F2-3456-1234-567890123456}"
EndProject

Project("{2150E333-8FDC-42A3-9474-1A3956D46DE8}") = "extensions", "extensions", "{B8C9D0E1-F2A3-4567-2345-678901234567}"
EndProject

Project("{2150E333-8FDC-42A3-9474-1A3956D46DE8}") = "vscode", "vscode", "{C9D0E1F2-A3B4-5678-3456-789012345678}"
	ProjectSection(SolutionItems) = preProject
		extensions\vscode\package.json = extensions\vscode\package.json
		extensions\vscode\README.md = extensions\vscode\README.md
		extensions\vscode\tsconfig.json = extensions\vscode\tsconfig.json
	EndProjectSection
EndProject

Global
	GlobalSection(SolutionConfigurationPlatforms) = preSolution
		Debug|Any CPU = Debug|Any CPU
		Release|Any CPU = Release|Any CPU
	EndGlobalSection
	GlobalSection(ProjectConfigurationPlatforms) = postSolution
		{8DD69C43-9AB7-11F2-B889-54C875BF97C2}.Debug|Any CPU.ActiveCfg = Debug|Any CPU
		{8DD69C43-9AB7-11F2-B889-54C875BF97C2}.Debug|Any CPU.Build.0 = Debug|Any CPU
		{8DD69C43-9AB7-11F2-B889-54C875BF97C2}.Release|Any CPU.ActiveCfg = Release|Any CPU
		{8DD69C43-9AB7-11F2-B889-54C875BF97C2}.Release|Any CPU.Build.0 = Release|Any CPU
		{A1B2C3D4-E5F6-7890-ABCD-EF1234567890}.Debug|Any CPU.ActiveCfg = Debug|Any CPU
		{A1B2C3D4-E5F6-7890-ABCD-EF1234567890}.Debug|Any CPU.Build.0 = Debug|Any CPU
		{A1B2C3D4-E5F6-7890-ABCD-EF1234567890}.Release|Any CPU.ActiveCfg = Release|Any CPU
		{A1B2C3D4-E5F6-7890-ABCD-EF1234567890}.Release|Any CPU.Build.0 = Release|Any CPU
		{B2C3D4E5-F6A7-8901-BCDE-F12345678901}.Debug|Any CPU.ActiveCfg = Debug|Any CPU
		{B2C3D4E5-F6A7-8901-BCDE-F12345678901}.Debug|Any CPU.Build.0 = Debug|Any CPU
		{B2C3D4E5-F6A7-8901-BCDE-F12345678901}.Release|Any CPU.ActiveCfg = Release|Any CPU
		{B2C3D4E5-F6A7-8901-BCDE-F12345678901}.Release|Any CPU.Build.0 = Release|Any CPU
		{C3D4E5F6-A7B8-9012-CDEF-123456789012}.Debug|Any CPU.ActiveCfg = Debug|Any CPU
		{C3D4E5F6-A7B8-9012-CDEF-123456789012}.Debug|Any CPU.Build.0 = Debug|Any CPU
		{C3D4E5F6-A7B8-9012-CDEF-123456789012}.Release|Any CPU.ActiveCfg = Release|Any CPU
		{C3D4E5F6-A7B8-9012-CDEF-123456789012}.Release|Any CPU.Build.0 = Release|Any CPU
		{D4E5F6A7-B8C9-0123-DEF1-234567890123}.Debug|Any CPU.ActiveCfg = Debug|Any CPU
		{D4E5F6A7-B8C9-0123-DEF1-234567890123}.Debug|Any CPU.Build.0 = Debug|Any CPU
		{D4E5F6A7-B8C9-0123-DEF1-234567890123}.Release|Any CPU.ActiveCfg = Release|Any CPU
		{D4E5F6A7-B8C9-0123-DEF1-234567890123}.Release|Any CPU.Build.0 = Release|Any CPU
	EndGlobalSection
	GlobalSection(NestedProjects) = preSolution
		{8DD69C43-9AB7-11F2-B889-54C875BF97C2} = {E5F6A7B8-C9D0-1234-EF12-345678901234}
		{A1B2C3D4-E5F6-7890-ABCD-EF1234567890} = {E5F6A7B8-C9D0-1234-EF12-345678901234}
		{B2C3D4E5-F6A7-8901-BCDE-F12345678901} = {F6A7B8C9-D0E1-2345-F123-456789012345}
		{C3D4E5F6-A7B8-9012-CDEF-123456789012} = {A7B8C9D0-E1F2-3456-1234-567890123456}
		{D4E5F6A7-B8C9-0123-DEF1-234567890123} = {B8C9D0E1-F2A3-4567-2345-678901234567}
		{C9D0E1F2-A3B4-5678-3456-789012345678} = {B8C9D0E1-F2A3-4567-2345-678901234567}
	EndGlobalSection
	GlobalSection(SolutionProperties) = preSolution
		HideSolutionNode = FALSE
	EndGlobalSection
	GlobalSection(ExtensibilityGlobals) = postSolution
		SolutionGuid = {6F06E683-1398-4C01-8096-D62276B6CD83}
	EndGlobalSection
EndGlobal
