
Microsoft Visual Studio Solution File, Format Version 12.00
# Visual Studio Version 17
VisualStudioVersion = 17.5.2.0
MinimumVisualStudioVersion = 10.0.40219.1
Project("{FAE04EC0-301F-11D3-BF4B-00C04F79EFBC}") = "Vibe.UI", "src\Vibe.UI\Vibe.UI.csproj", "{8DD69C43-9AB7-11F2-B889-54C875BF97C2}"
EndProject
Project("{FAE04EC0-301F-11D3-BF4B-00C04F79EFBC}") = "Vibe.UI.CLI", "src\Vibe.UI.CLI\Vibe.UI.CLI.csproj", "{A1B2C3D4-E5F6-7890-ABCD-EF1234567890}"
EndProject
Project("{FAE04EC0-301F-11D3-BF4B-00C04F79EFBC}") = "Vibe.UI.Tests", "tests\Vibe.UI.Tests\Vibe.UI.Tests.csproj", "{B2C3D4E5-F6A7-8901-BCDE-F12345678901}"
EndProject
Project("{FAE04EC0-301F-11D3-BF4B-00C04F79EFBC}") = "Vibe.UI.CLI.Tests", "tests\Vibe.UI.CLI.Tests\Vibe.UI.CLI.Tests.csproj", "{E1F2A3B4-C5D6-7890-1234-567890ABCDEF}"
EndProject
Project("{2150E333-8FDC-42A3-9474-1A3956D46DE8}") = "_Solution Items", "_Solution Items", "{02EA681E-C7D8-13C7-8484-4AC65E1B71E8}"
	ProjectSection(SolutionItems) = preProject
		.gitignore = .gitignore
		LICENSE = LICENSE
		README.md = README.md
	EndProjectSection
EndProject
Project("{2150E333-8FDC-42A3-9474-1A3956D46DE8}") = "src", "src", "{E5F6A7B8-C9D0-1234-EF12-345678901234}"
EndProject
Project("{2150E333-8FDC-42A3-9474-1A3956D46DE8}") = "tests", "tests", "{F6A7B8C9-D0E1-2345-F123-456789012345}"
EndProject
Project("{2150E333-8FDC-42A3-9474-1A3956D46DE8}") = "samples", "samples", "{A7B8C9D0-E1F2-3456-1234-567890123456}"
EndProject
Project("{FAE04EC0-301F-11D3-BF4B-00C04F79EFBC}") = "Vibe.UI.Docs", "samples\Vibe.UI.Docs\Vibe.UI.Docs.csproj", "{B0EEF91C-8B87-472F-88AE-80542C14FB1A}"
EndProject
Project("{FAE04EC0-301F-11D3-BF4B-00C04F79EFBC}") = "Vibe.UI.Docs.E2E", "tests\Vibe.UI.Docs.E2E\Vibe.UI.Docs.E2E.csproj", "{92928495-8762-46A8-A5FB-03215B379996}"
EndProject
Project("{FAE04EC0-301F-11D3-BF4B-00C04F79EFBC}") = "Vibe.CSS", "src\Vibe.CSS\Vibe.CSS.csproj", "{C4F74D43-119D-45F3-8546-1350E7322076}"
EndProject
Project("{FAE04EC0-301F-11D3-BF4B-00C04F79EFBC}") = "Vibe.CSS.Tests", "tests\Vibe.CSS.Tests\Vibe.CSS.Tests.csproj", "{3946B2C3-B688-4B58-9598-FDB418D6255B}"
EndProject
Global
	GlobalSection(SolutionConfigurationPlatforms) = preSolution
		Debug|Any CPU = Debug|Any CPU
		Debug|x64 = Debug|x64
		Debug|x86 = Debug|x86
		Release|Any CPU = Release|Any CPU
		Release|x64 = Release|x64
		Release|x86 = Release|x86
	EndGlobalSection
	GlobalSection(ProjectConfigurationPlatforms) = postSolution
		{8DD69C43-9AB7-11F2-B889-54C875BF97C2}.Debug|Any CPU.ActiveCfg = Debug|Any CPU
		{8DD69C43-9AB7-11F2-B889-54C875BF97C2}.Debug|Any CPU.Build.0 = Debug|Any CPU
		{8DD69C43-9AB7-11F2-B889-54C875BF97C2}.Debug|x64.ActiveCfg = Debug|Any CPU
		{8DD69C43-9AB7-11F2-B889-54C875BF97C2}.Debug|x64.Build.0 = Debug|Any CPU
		{8DD69C43-9AB7-11F2-B889-54C875BF97C2}.Debug|x86.ActiveCfg = Debug|Any CPU
		{8DD69C43-9AB7-11F2-B889-54C875BF97C2}.Debug|x86.Build.0 = Debug|Any CPU
		{8DD69C43-9AB7-11F2-B889-54C875BF97C2}.Release|Any CPU.ActiveCfg = Release|Any CPU
		{8DD69C43-9AB7-11F2-B889-54C875BF97C2}.Release|Any CPU.Build.0 = Release|Any CPU
		{8DD69C43-9AB7-11F2-B889-54C875BF97C2}.Release|x64.ActiveCfg = Release|Any CPU
		{8DD69C43-9AB7-11F2-B889-54C875BF97C2}.Release|x64.Build.0 = Release|Any CPU
		{8DD69C43-9AB7-11F2-B889-54C875BF97C2}.Release|x86.ActiveCfg = Release|Any CPU
		{8DD69C43-9AB7-11F2-B889-54C875BF97C2}.Release|x86.Build.0 = Release|Any CPU
		{A1B2C3D4-E5F6-7890-ABCD-EF1234567890}.Debug|Any CPU.ActiveCfg = Debug|Any CPU
		{A1B2C3D4-E5F6-7890-ABCD-EF1234567890}.Debug|Any CPU.Build.0 = Debug|Any CPU
		{A1B2C3D4-E5F6-7890-ABCD-EF1234567890}.Debug|x64.ActiveCfg = Debug|Any CPU
		{A1B2C3D4-E5F6-7890-ABCD-EF1234567890}.Debug|x64.Build.0 = Debug|Any CPU
		{A1B2C3D4-E5F6-7890-ABCD-EF1234567890}.Debug|x86.ActiveCfg = Debug|Any CPU
		{A1B2C3D4-E5F6-7890-ABCD-EF1234567890}.Debug|x86.Build.0 = Debug|Any CPU
		{A1B2C3D4-E5F6-7890-ABCD-EF1234567890}.Release|Any CPU.ActiveCfg = Release|Any CPU
		{A1B2C3D4-E5F6-7890-ABCD-EF1234567890}.Release|Any CPU.Build.0 = Release|Any CPU
		{A1B2C3D4-E5F6-7890-ABCD-EF1234567890}.Release|x64.ActiveCfg = Release|Any CPU
		{A1B2C3D4-E5F6-7890-ABCD-EF1234567890}.Release|x64.Build.0 = Release|Any CPU
		{A1B2C3D4-E5F6-7890-ABCD-EF1234567890}.Release|x86.ActiveCfg = Release|Any CPU
		{A1B2C3D4-E5F6-7890-ABCD-EF1234567890}.Release|x86.Build.0 = Release|Any CPU
		{B2C3D4E5-F6A7-8901-BCDE-F12345678901}.Debug|Any CPU.ActiveCfg = Debug|Any CPU
		{B2C3D4E5-F6A7-8901-BCDE-F12345678901}.Debug|Any CPU.Build.0 = Debug|Any CPU
		{B2C3D4E5-F6A7-8901-BCDE-F12345678901}.Debug|x64.ActiveCfg = Debug|Any CPU
		{B2C3D4E5-F6A7-8901-BCDE-F12345678901}.Debug|x64.Build.0 = Debug|Any CPU
		{B2C3D4E5-F6A7-8901-BCDE-F12345678901}.Debug|x86.ActiveCfg = Debug|Any CPU
		{B2C3D4E5-F6A7-8901-BCDE-F12345678901}.Debug|x86.Build.0 = Debug|Any CPU
		{B2C3D4E5-F6A7-8901-BCDE-F12345678901}.Release|Any CPU.ActiveCfg = Release|Any CPU
		{B2C3D4E5-F6A7-8901-BCDE-F12345678901}.Release|Any CPU.Build.0 = Release|Any CPU
		{B2C3D4E5-F6A7-8901-BCDE-F12345678901}.Release|x64.ActiveCfg = Release|Any CPU
		{B2C3D4E5-F6A7-8901-BCDE-F12345678901}.Release|x64.Build.0 = Release|Any CPU
		{B2C3D4E5-F6A7-8901-BCDE-F12345678901}.Release|x86.ActiveCfg = Release|Any CPU
		{B2C3D4E5-F6A7-8901-BCDE-F12345678901}.Release|x86.Build.0 = Release|Any CPU
		{E1F2A3B4-C5D6-7890-1234-567890ABCDEF}.Debug|Any CPU.ActiveCfg = Debug|Any CPU
		{E1F2A3B4-C5D6-7890-1234-567890ABCDEF}.Debug|Any CPU.Build.0 = Debug|Any CPU
		{E1F2A3B4-C5D6-7890-1234-567890ABCDEF}.Debug|x64.ActiveCfg = Debug|Any CPU
		{E1F2A3B4-C5D6-7890-1234-567890ABCDEF}.Debug|x64.Build.0 = Debug|Any CPU
		{E1F2A3B4-C5D6-7890-1234-567890ABCDEF}.Debug|x86.ActiveCfg = Debug|Any CPU
		{E1F2A3B4-C5D6-7890-1234-567890ABCDEF}.Debug|x86.Build.0 = Debug|Any CPU
		{E1F2A3B4-C5D6-7890-1234-567890ABCDEF}.Release|Any CPU.ActiveCfg = Release|Any CPU
		{E1F2A3B4-C5D6-7890-1234-567890ABCDEF}.Release|Any CPU.Build.0 = Release|Any CPU
		{E1F2A3B4-C5D6-7890-1234-567890ABCDEF}.Release|x64.ActiveCfg = Release|Any CPU
		{E1F2A3B4-C5D6-7890-1234-567890ABCDEF}.Release|x64.Build.0 = Release|Any CPU
		{E1F2A3B4-C5D6-7890-1234-567890ABCDEF}.Release|x86.ActiveCfg = Release|Any CPU
		{E1F2A3B4-C5D6-7890-1234-567890ABCDEF}.Release|x86.Build.0 = Release|Any CPU
		{B0EEF91C-8B87-472F-88AE-80542C14FB1A}.Debug|Any CPU.ActiveCfg = Debug|Any CPU
		{B0EEF91C-8B87-472F-88AE-80542C14FB1A}.Debug|Any CPU.Build.0 = Debug|Any CPU
		{B0EEF91C-8B87-472F-88AE-80542C14FB1A}.Debug|x64.ActiveCfg = Debug|Any CPU
		{B0EEF91C-8B87-472F-88AE-80542C14FB1A}.Debug|x64.Build.0 = Debug|Any CPU
		{B0EEF91C-8B87-472F-88AE-80542C14FB1A}.Debug|x86.ActiveCfg = Debug|Any CPU
		{B0EEF91C-8B87-472F-88AE-80542C14FB1A}.Debug|x86.Build.0 = Debug|Any CPU
		{B0EEF91C-8B87-472F-88AE-80542C14FB1A}.Release|Any CPU.ActiveCfg = Release|Any CPU
		{B0EEF91C-8B87-472F-88AE-80542C14FB1A}.Release|Any CPU.Build.0 = Release|Any CPU
		{B0EEF91C-8B87-472F-88AE-80542C14FB1A}.Release|x64.ActiveCfg = Release|Any CPU
		{B0EEF91C-8B87-472F-88AE-80542C14FB1A}.Release|x64.Build.0 = Release|Any CPU
		{B0EEF91C-8B87-472F-88AE-80542C14FB1A}.Release|x86.ActiveCfg = Release|Any CPU
		{B0EEF91C-8B87-472F-88AE-80542C14FB1A}.Release|x86.Build.0 = Release|Any CPU
		{92928495-8762-46A8-A5FB-03215B379996}.Debug|Any CPU.ActiveCfg = Debug|Any CPU
		{92928495-8762-46A8-A5FB-03215B379996}.Debug|Any CPU.Build.0 = Debug|Any CPU
		{92928495-8762-46A8-A5FB-03215B379996}.Debug|x64.ActiveCfg = Debug|Any CPU
		{92928495-8762-46A8-A5FB-03215B379996}.Debug|x64.Build.0 = Debug|Any CPU
		{92928495-8762-46A8-A5FB-03215B379996}.Debug|x86.ActiveCfg = Debug|Any CPU
		{92928495-8762-46A8-A5FB-03215B379996}.Debug|x86.Build.0 = Debug|Any CPU
		{92928495-8762-46A8-A5FB-03215B379996}.Release|Any CPU.ActiveCfg = Release|Any CPU
		{92928495-8762-46A8-A5FB-03215B379996}.Release|Any CPU.Build.0 = Release|Any CPU
		{92928495-8762-46A8-A5FB-03215B379996}.Release|x64.ActiveCfg = Release|Any CPU
		{92928495-8762-46A8-A5FB-03215B379996}.Release|x64.Build.0 = Release|Any CPU
		{92928495-8762-46A8-A5FB-03215B379996}.Release|x86.ActiveCfg = Release|Any CPU
		{92928495-8762-46A8-A5FB-03215B379996}.Release|x86.Build.0 = Release|Any CPU
		{C4F74D43-119D-45F3-8546-1350E7322076}.Debug|Any CPU.ActiveCfg = Debug|Any CPU
		{C4F74D43-119D-45F3-8546-1350E7322076}.Debug|Any CPU.Build.0 = Debug|Any CPU
		{C4F74D43-119D-45F3-8546-1350E7322076}.Debug|x64.ActiveCfg = Debug|Any CPU
		{C4F74D43-119D-45F3-8546-1350E7322076}.Debug|x64.Build.0 = Debug|Any CPU
		{C4F74D43-119D-45F3-8546-1350E7322076}.Debug|x86.ActiveCfg = Debug|Any CPU
		{C4F74D43-119D-45F3-8546-1350E7322076}.Debug|x86.Build.0 = Debug|Any CPU
		{C4F74D43-119D-45F3-8546-1350E7322076}.Release|Any CPU.ActiveCfg = Release|Any CPU
		{C4F74D43-119D-45F3-8546-1350E7322076}.Release|Any CPU.Build.0 = Release|Any CPU
		{C4F74D43-119D-45F3-8546-1350E7322076}.Release|x64.ActiveCfg = Release|Any CPU
		{C4F74D43-119D-45F3-8546-1350E7322076}.Release|x64.Build.0 = Release|Any CPU
		{C4F74D43-119D-45F3-8546-1350E7322076}.Release|x86.ActiveCfg = Release|Any CPU
		{C4F74D43-119D-45F3-8546-1350E7322076}.Release|x86.Build.0 = Release|Any CPU
		{3946B2C3-B688-4B58-9598-FDB418D6255B}.Debug|Any CPU.ActiveCfg = Debug|Any CPU
		{3946B2C3-B688-4B58-9598-FDB418D6255B}.Debug|Any CPU.Build.0 = Debug|Any CPU
		{3946B2C3-B688-4B58-9598-FDB418D6255B}.Debug|x64.ActiveCfg = Debug|Any CPU
		{3946B2C3-B688-4B58-9598-FDB418D6255B}.Debug|x64.Build.0 = Debug|Any CPU
		{3946B2C3-B688-4B58-9598-FDB418D6255B}.Debug|x86.ActiveCfg = Debug|Any CPU
		{3946B2C3-B688-4B58-9598-FDB418D6255B}.Debug|x86.Build.0 = Debug|Any CPU
		{3946B2C3-B688-4B58-9598-FDB418D6255B}.Release|Any CPU.ActiveCfg = Release|Any CPU
		{3946B2C3-B688-4B58-9598-FDB418D6255B}.Release|Any CPU.Build.0 = Release|Any CPU
		{3946B2C3-B688-4B58-9598-FDB418D6255B}.Release|x64.ActiveCfg = Release|Any CPU
		{3946B2C3-B688-4B58-9598-FDB418D6255B}.Release|x64.Build.0 = Release|Any CPU
		{3946B2C3-B688-4B58-9598-FDB418D6255B}.Release|x86.ActiveCfg = Release|Any CPU
		{3946B2C3-B688-4B58-9598-FDB418D6255B}.Release|x86.Build.0 = Release|Any CPU
	EndGlobalSection
	GlobalSection(SolutionProperties) = preSolution
		HideSolutionNode = FALSE
	EndGlobalSection
	GlobalSection(NestedProjects) = preSolution
		{8DD69C43-9AB7-11F2-B889-54C875BF97C2} = {E5F6A7B8-C9D0-1234-EF12-345678901234}
		{A1B2C3D4-E5F6-7890-ABCD-EF1234567890} = {E5F6A7B8-C9D0-1234-EF12-345678901234}
		{B2C3D4E5-F6A7-8901-BCDE-F12345678901} = {F6A7B8C9-D0E1-2345-F123-456789012345}
		{E1F2A3B4-C5D6-7890-1234-567890ABCDEF} = {F6A7B8C9-D0E1-2345-F123-456789012345}
		{B0EEF91C-8B87-472F-88AE-80542C14FB1A} = {A7B8C9D0-E1F2-3456-1234-567890123456}
		{92928495-8762-46A8-A5FB-03215B379996} = {F6A7B8C9-D0E1-2345-F123-456789012345}
		{C4F74D43-119D-45F3-8546-1350E7322076} = {E5F6A7B8-C9D0-1234-EF12-345678901234}
		{3946B2C3-B688-4B58-9598-FDB418D6255B} = {F6A7B8C9-D0E1-2345-F123-456789012345}
	EndGlobalSection
	GlobalSection(ExtensibilityGlobals) = postSolution
		SolutionGuid = {6F06E683-1398-4C01-8096-D62276B6CD83}
	EndGlobalSection
EndGlobal
